PODS:
  - Bolts/Tasks (1.9.0)
  - Parse (1.17.1):
    - Parse/Core (= 1.17.1)
  - Parse/Core (1.17.1):
    - Bolts/Tasks (~> 1.9)
  - TBParse (1.0.2):
    - TBParse/Conversion (= 1.0.2)
    - TBParse/Core (= 1.0.2)
  - TBParse/Conversion (1.0.2)
  - TBParse/Core (1.0.2):
    - Parse
    - TBParse/Conversion

DEPENDENCIES:
  - TBParse (from `../`)
  - TBParse/Conversion (from `../`)

SPEC REPOS:
  https://github.com/cocoapods/specs.git:
    - Bolts
    - Parse

EXTERNAL SOURCES:
  TBParse:
    :path: "../"

SPEC CHECKSUMS:
  Bolts: ac6567323eac61e203f6a9763667d0f711be34c8
  Parse: d3edaf8c7c722cb33cb83ba7821d015ae32d362d
  TBParse: 67218824558a2334adf251a0a275029c8721b211

PODFILE CHECKSUM: 85bf2e0d12303c52b1b56be2d6052d2e1b0304e5

COCOAPODS: 1.5.3
